
Microsoft Visual Studio Solution File, Format Version 12.00
# Visual Studio 15
VisualStudioVersion = 15.0.28307.705
MinimumVisualStudioVersion = 10.0.40219.1
Project("{FAE04EC0-301F-11D3-BF4B-00C04F79EFBC}") = "Indulj.Collections", "Indulj.Collections\Indulj.Collections.csproj", "{FC0F1644-514A-4EDD-A8ED-393E51ADB67E}"
EndProject
Global
	GlobalSection(SolutionConfigurationPlatforms) = preSolution
		Debug|Any CPU = Debug|Any CPU
		Release|Any CPU = Release|Any CPU
	EndGlobalSection
	GlobalSection(ProjectConfigurationPlatforms) = postSolution
		{FC0F1644-514A-4EDD-A8ED-393E51ADB67E}.Debug|Any CPU.ActiveCfg = Debug|Any CPU
		{FC0F1644-514A-4EDD-A8ED-393E51ADB67E}.Debug|Any CPU.Build.0 = Debug|Any CPU
		{FC0F1644-514A-4EDD-A8ED-393E51ADB67E}.Release|Any CPU.ActiveCfg = Release|Any CPU
		{FC0F1644-514A-4EDD-A8ED-393E51ADB67E}.Release|Any CPU.Build.0 = Release|Any CPU
	EndGlobalSection
	GlobalSection(SolutionProperties) = preSolution
		HideSolutionNode = FALSE
	EndGlobalSection
	GlobalSection(ExtensibilityGlobals) = postSolution
		SolutionGuid = {D1FEAC85-7AAC-42DF-9C80-39E01E1617D0}
	EndGlobalSection
EndGlobal
